// !$*UTF8*$!
{
	archiveVersion = 1;
	classes = {
	};
	objectVersion = 56;
	objects = {

/* Begin PBXBuildFile section */
		AF2923832AC960F500E98F74 /* PreviewHelpApp.swift in Sources */ = {isa = PBXBuildFile; fileRef = AF2923822AC960F500E98F74 /* PreviewHelpApp.swift */; };
		AF2923852AC960F500E98F74 /* ContentView.swift in Sources */ = {isa = PBXBuildFile; fileRef = AF2923842AC960F500E98F74 /* ContentView.swift */; };
		AF2923872AC960F700E98F74 /* Assets.xcassets in Resources */ = {isa = PBXBuildFile; fileRef = AF2923862AC960F700E98F74 /* Assets.xcassets */; };
		AF29238A2AC960F700E98F74 /* Preview Assets.xcassets in Resources */ = {isa = PBXBuildFile; fileRef = AF2923892AC960F700E98F74 /* Preview Assets.xcassets */; };
		AF2923942AC960F700E98F74 /* PreviewHelpTests.swift in Sources */ = {isa = PBXBuildFile; fileRef = AF2923932AC960F700E98F74 /* PreviewHelpTests.swift */; };
		AF29239E2AC960F700E98F74 /* PreviewHelpUITests.swift in Sources */ = {isa = PBXBuildFile; fileRef = AF29239D2AC960F700E98F74 /* PreviewHelpUITests.swift */; };
		AF2923A02AC960F700E98F74 /* PreviewHelpUITestsLaunchTests.swift in Sources */ = {isa = PBXBuildFile; fileRef = AF29239F2AC960F700E98F74 /* PreviewHelpUITestsLaunchTests.swift */; };
/* End PBXBuildFile section */

/* Begin PBXContainerItemProxy section */
		AF2923902AC960F700E98F74 /* PBXContainerItemProxy */ = {
			isa = PBXContainerItemProxy;
			containerPortal = AF2923772AC960F500E98F74 /* Project object */;
			proxyType = 1;
			remoteGlobalIDString = AF29237E2AC960F500E98F74;
			remoteInfo = PreviewHelp;
		};
		AF29239A2AC960F700E98F74 /* PBXContainerItemProxy */ = {
			isa = PBXContainerItemProxy;
			containerPortal = AF2923772AC960F500E98F74 /* Project object */;
			proxyType = 1;
			remoteGlobalIDString = AF29237E2AC960F500E98F74;
			remoteInfo = PreviewHelp;
		};
/* End PBXContainerItemProxy section */

/* Begin PBXFileReference section */
		AF29237F2AC960F500E98F74 /* PreviewHelp.app */ = {isa = PBXFileReference; explicitFileType = wrapper.application; includeInIndex = 0; path = PreviewHelp.app; sourceTree = BUILT_PRODUCTS_DIR; };
		AF2923822AC960F500E98F74 /* PreviewHelpApp.swift */ = {isa = PBXFileReference; lastKnownFileType = sourcecode.swift; path = PreviewHelpApp.swift; sourceTree = "<group>"; };
		AF2923842AC960F500E98F74 /* ContentView.swift */ = {isa = PBXFileReference; lastKnownFileType = sourcecode.swift; path = ContentView.swift; sourceTree = "<group>"; };
		AF2923862AC960F700E98F74 /* Assets.xcassets */ = {isa = PBXFileReference; lastKnownFileType = folder.assetcatalog; path = Assets.xcassets; sourceTree = "<group>"; };
		AF2923892AC960F700E98F74 /* Preview Assets.xcassets */ = {isa = PBXFileReference; lastKnownFileType = folder.assetcatalog; path = "Preview Assets.xcassets"; sourceTree = "<group>"; };
		AF29238F2AC960F700E98F74 /* PreviewHelpTests.xctest */ = {isa = PBXFileReference; explicitFileType = wrapper.cfbundle; includeInIndex = 0; path = PreviewHelpTests.xctest; sourceTree = BUILT_PRODUCTS_DIR; };
		AF2923932AC960F700E98F74 /* PreviewHelpTests.swift */ = {isa = PBXFileReference; lastKnownFileType = sourcecode.swift; path = PreviewHelpTests.swift; sourceTree = "<group>"; };
		AF2923992AC960F700E98F74 /* PreviewHelpUITests.xctest */ = {isa = PBXFileReference; explicitFileType = wrapper.cfbundle; includeInIndex = 0; path = PreviewHelpUITests.xctest; sourceTree = BUILT_PRODUCTS_DIR; };
		AF29239D2AC960F700E98F74 /* PreviewHelpUITests.swift */ = {isa = PBXFileReference; lastKnownFileType = sourcecode.swift; path = PreviewHelpUITests.swift; sourceTree = "<group>"; };
		AF29239F2AC960F700E98F74 /* PreviewHelpUITestsLaunchTests.swift */ = {isa = PBXFileReference; lastKnownFileType = sourcecode.swift; path = PreviewHelpUITestsLaunchTests.swift; sourceTree = "<group>"; };
/* End PBXFileReference section */

/* Begin PBXFrameworksBuildPhase section */
		AF29237C2AC960F500E98F74 /* Frameworks */ = {
			isa = PBXFrameworksBuildPhase;
			buildActionMask = 2147483647;
			files = (
			);
			runOnlyForDeploymentPostprocessing = 0;
		};
		AF29238C2AC960F700E98F74 /* Frameworks */ = {
			isa = PBXFrameworksBuildPhase;
			buildActionMask = 2147483647;
			files = (
			);
			runOnlyForDeploymentPostprocessing = 0;
		};
		AF2923962AC960F700E98F74 /* Frameworks */ = {
			isa = PBXFrameworksBuildPhase;
			buildActionMask = 2147483647;
			files = (
			);
			runOnlyForDeploymentPostprocessing = 0;
		};
/* End PBXFrameworksBuildPhase section */

/* Begin PBXGroup section */
		AF2923762AC960F500E98F74 = {
			isa = PBXGroup;
			children = (
				AF2923812AC960F500E98F74 /* PreviewHelp */,
				AF2923922AC960F700E98F74 /* PreviewHelpTests */,
				AF29239C2AC960F700E98F74 /* PreviewHelpUITests */,
				AF2923802AC960F500E98F74 /* Products */,
			);
			sourceTree = "<group>";
		};
		AF2923802AC960F500E98F74 /* Products */ = {
			isa = PBXGroup;
			children = (
				AF29237F2AC960F500E98F74 /* PreviewHelp.app */,
				AF29238F2AC960F700E98F74 /* PreviewHelpTests.xctest */,
				AF2923992AC960F700E98F74 /* PreviewHelpUITests.xctest */,
			);
			name = Products;
			sourceTree = "<group>";
		};
		AF2923812AC960F500E98F74 /* PreviewHelp */ = {
			isa = PBXGroup;
			children = (
				AF2923822AC960F500E98F74 /* PreviewHelpApp.swift */,
				AF2923842AC960F500E98F74 /* ContentView.swift */,
				AF2923862AC960F700E98F74 /* Assets.xcassets */,
				AF2923882AC960F700E98F74 /* Preview Content */,
			);
			path = PreviewHelp;
			sourceTree = "<group>";
		};
		AF2923882AC960F700E98F74 /* Preview Content */ = {
			isa = PBXGroup;
			children = (
				AF2923892AC960F700E98F74 /* Preview Assets.xcassets */,
			);
			path = "Preview Content";
			sourceTree = "<group>";
		};
		AF2923922AC960F700E98F74 /* PreviewHelpTests */ = {
			isa = PBXGroup;
			children = (
				AF2923932AC960F700E98F74 /* PreviewHelpTests.swift */,
			);
			path = PreviewHelpTests;
			sourceTree = "<group>";
		};
		AF29239C2AC960F700E98F74 /* PreviewHelpUITests */ = {
			isa = PBXGroup;
			children = (
				AF29239D2AC960F700E98F74 /* PreviewHelpUITests.swift */,
				AF29239F2AC960F700E98F74 /* PreviewHelpUITestsLaunchTests.swift */,
			);
			path = PreviewHelpUITests;
			sourceTree = "<group>";
		};
/* End PBXGroup section */

/* Begin PBXNativeTarget section */
		AF29237E2AC960F500E98F74 /* PreviewHelp */ = {
			isa = PBXNativeTarget;
			buildConfigurationList = AF2923A32AC960F700E98F74 /* Build configuration list for PBXNativeTarget "PreviewHelp" */;
			buildPhases = (
				AF29237B2AC960F500E98F74 /* Sources */,
				AF29237C2AC960F500E98F74 /* Frameworks */,
				AF29237D2AC960F500E98F74 /* Resources */,
			);
			buildRules = (
			);
			dependencies = (
			);
			name = PreviewHelp;
			productName = PreviewHelp;
			productReference = AF29237F2AC960F500E98F74 /* PreviewHelp.app */;
			productType = "com.apple.product-type.application";
		};
		AF29238E2AC960F700E98F74 /* PreviewHelpTests */ = {
			isa = PBXNativeTarget;
			buildConfigurationList = AF2923A62AC960F700E98F74 /* Build configuration list for PBXNativeTarget "PreviewHelpTests" */;
			buildPhases = (
				AF29238B2AC960F700E98F74 /* Sources */,
				AF29238C2AC960F700E98F74 /* Frameworks */,
				AF29238D2AC960F700E98F74 /* Resources */,
			);
			buildRules = (
			);
			dependencies = (
				AF2923912AC960F700E98F74 /* PBXTargetDependency */,
			);
			name = PreviewHelpTests;
			productName = PreviewHelpTests;
			productReference = AF29238F2AC960F700E98F74 /* PreviewHelpTests.xctest */;
			productType = "com.apple.product-type.bundle.unit-test";
		};
		AF2923982AC960F700E98F74 /* PreviewHelpUITests */ = {
			isa = PBXNativeTarget;
			buildConfigurationList = AF2923A92AC960F700E98F74 /* Build configuration list for PBXNativeTarget "PreviewHelpUITests" */;
			buildPhases = (
				AF2923952AC960F700E98F74 /* Sources */,
				AF2923962AC960F700E98F74 /* Frameworks */,
				AF2923972AC960F700E98F74 /* Resources */,
			);
			buildRules = (
			);
			dependencies = (
				AF29239B2AC960F700E98F74 /* PBXTargetDependency */,
			);
			name = PreviewHelpUITests;
			productName = PreviewHelpUITests;
			productReference = AF2923992AC960F700E98F74 /* PreviewHelpUITests.xctest */;
			productType = "com.apple.product-type.bundle.ui-testing";
		};
/* End PBXNativeTarget section */

/* Begin PBXProject section */
		AF2923772AC960F500E98F74 /* Project object */ = {
			isa = PBXProject;
			attributes = {
				BuildIndependentTargetsInParallel = 1;
				LastSwiftUpdateCheck = 1500;
				LastUpgradeCheck = 1500;
				TargetAttributes = {
					AF29237E2AC960F500E98F74 = {
						CreatedOnToolsVersion = 15.0;
					};
					AF29238E2AC960F700E98F74 = {
						CreatedOnToolsVersion = 15.0;
						TestTargetID = AF29237E2AC960F500E98F74;
					};
					AF2923982AC960F700E98F74 = {
						CreatedOnToolsVersion = 15.0;
						TestTargetID = AF29237E2AC960F500E98F74;
					};
				};
			};
			buildConfigurationList = AF29237A2AC960F500E98F74 /* Build configuration list for PBXProject "PreviewHelp" */;
			compatibilityVersion = "Xcode 14.0";
			developmentRegion = en;
			hasScannedForEncodings = 0;
			knownRegions = (
				en,
				Base,
			);
			mainGroup = AF2923762AC960F500E98F74;
			productRefGroup = AF2923802AC960F500E98F74 /* Products */;
			projectDirPath = "";
			projectRoot = "";
			targets = (
				AF29237E2AC960F500E98F74 /* PreviewHelp */,
				AF29238E2AC960F700E98F74 /* PreviewHelpTests */,
				AF2923982AC960F700E98F74 /* PreviewHelpUITests */,
			);
		};
/* End PBXProject section */

/* Begin PBXResourcesBuildPhase section */
		AF29237D2AC960F500E98F74 /* Resources */ = {
			isa = PBXResourcesBuildPhase;
			buildActionMask = 2147483647;
			files = (
				AF29238A2AC960F700E98F74 /* Preview Assets.xcassets in Resources */,
				AF2923872AC960F700E98F74 /* Assets.xcassets in Resources */,
			);
			runOnlyForDeploymentPostprocessing = 0;
		};
		AF29238D2AC960F700E98F74 /* Resources */ = {
			isa = PBXResourcesBuildPhase;
			buildActionMask = 2147483647;
			files = (
			);
			runOnlyForDeploymentPostprocessing = 0;
		};
		AF2923972AC960F700E98F74 /* Resources */ = {
			isa = PBXResourcesBuildPhase;
			buildActionMask = 2147483647;
			files = (
			);
			runOnlyForDeploymentPostprocessing = 0;
		};
/* End PBXResourcesBuildPhase section */

/* Begin PBXSourcesBuildPhase section */
		AF29237B2AC960F500E98F74 /* Sources */ = {
			isa = PBXSourcesBuildPhase;
			buildActionMask = 2147483647;
			files = (
				AF2923852AC960F500E98F74 /* ContentView.swift in Sources */,
				AF2923832AC960F500E98F74 /* PreviewHelpApp.swift in Sources */,
			);
			runOnlyForDeploymentPostprocessing = 0;
		};
		AF29238B2AC960F700E98F74 /* Sources */ = {
			isa = PBXSourcesBuildPhase;
			buildActionMask = 2147483647;
			files = (
				AF2923942AC960F700E98F74 /* PreviewHelpTests.swift in Sources */,
			);
			runOnlyForDeploymentPostprocessing = 0;
		};
		AF2923952AC960F700E98F74 /* Sources */ = {
			isa = PBXSourcesBuildPhase;
			buildActionMask = 2147483647;
			files = (
				AF2923A02AC960F700E98F74 /* PreviewHelpUITestsLaunchTests.swift in Sources */,
				AF29239E2AC960F700E98F74 /* PreviewHelpUITests.swift in Sources */,
			);
			runOnlyForDeploymentPostprocessing = 0;
		};
/* End PBXSourcesBuildPhase section */

/* Begin PBXTargetDependency section */
		AF2923912AC960F700E98F74 /* PBXTargetDependency */ = {
			isa = PBXTargetDependency;
			target = AF29237E2AC960F500E98F74 /* PreviewHelp */;
			targetProxy = AF2923902AC960F700E98F74 /* PBXContainerItemProxy */;
		};
		AF29239B2AC960F700E98F74 /* PBXTargetDependency */ = {
			isa = PBXTargetDependency;
			target = AF29237E2AC960F500E98F74 /* PreviewHelp */;
			targetProxy = AF29239A2AC960F700E98F74 /* PBXContainerItemProxy */;
		};
/* End PBXTargetDependency section */

/* Begin XCBuildConfiguration section */
		AF2923A12AC960F700E98F74 /* Debug */ = {
			isa = XCBuildConfiguration;
			buildSettings = {
				ALWAYS_SEARCH_USER_PATHS = NO;
				ASSETCATALOG_COMPILER_GENERATE_SWIFT_ASSET_SYMBOL_EXTENSIONS = YES;
				CLANG_ANALYZER_NONNULL = YES;
				CLANG_ANALYZER_NUMBER_OBJECT_CONVERSION = YES_AGGRESSIVE;
				CLANG_CXX_LANGUAGE_STANDARD = "gnu++20";
				CLANG_ENABLE_MODULES = YES;
				CLANG_ENABLE_OBJC_ARC = YES;
				CLANG_ENABLE_OBJC_WEAK = YES;
				CLANG_WARN_BLOCK_CAPTURE_AUTORELEASING = YES;
				CLANG_WARN_BOOL_CONVERSION = YES;
				CLANG_WARN_COMMA = YES;
				CLANG_WARN_CONSTANT_CONVERSION = YES;
				CLANG_WARN_DEPRECATED_OBJC_IMPLEMENTATIONS = YES;
				CLANG_WARN_DIRECT_OBJC_ISA_USAGE = YES_ERROR;
				CLANG_WARN_DOCUMENTATION_COMMENTS = YES;
				CLANG_WARN_EMPTY_BODY = YES;
				CLANG_WARN_ENUM_CONVERSION = YES;
				CLANG_WARN_INFINITE_RECURSION = YES;
				CLANG_WARN_INT_CONVERSION = YES;
				CLANG_WARN_NON_LITERAL_NULL_CONVERSION = YES;
				CLANG_WARN_OBJC_IMPLICIT_RETAIN_SELF = YES;
				CLANG_WARN_OBJC_LITERAL_CONVERSION = YES;
				CLANG_WARN_OBJC_ROOT_CLASS = YES_ERROR;
				CLANG_WARN_QUOTED_INCLUDE_IN_FRAMEWORK_HEADER = YES;
				CLANG_WARN_RANGE_LOOP_ANALYSIS = YES;
				CLANG_WARN_STRICT_PROTOTYPES = YES;
				CLANG_WARN_SUSPICIOUS_MOVE = YES;
				CLANG_WARN_UNGUARDED_AVAILABILITY = YES_AGGRESSIVE;
				CLANG_WARN_UNREACHABLE_CODE = YES;
				CLANG_WARN__DUPLICATE_METHOD_MATCH = YES;
				COPY_PHASE_STRIP = NO;
				DEBUG_INFORMATION_FORMAT = dwarf;
				ENABLE_STRICT_OBJC_MSGSEND = YES;
				ENABLE_TESTABILITY = YES;
				ENABLE_USER_SCRIPT_SANDBOXING = YES;
				GCC_C_LANGUAGE_STANDARD = gnu17;
				GCC_DYNAMIC_NO_PIC = NO;
				GCC_NO_COMMON_BLOCKS = YES;
				GCC_OPTIMIZATION_LEVEL = 0;
				GCC_PREPROCESSOR_DEFINITIONS = (
					"DEBUG=1",
					"$(inherited)",
				);
				GCC_WARN_64_TO_32_BIT_CONVERSION = YES;
				GCC_WARN_ABOUT_RETURN_TYPE = YES_ERROR;
				GCC_WARN_UNDECLARED_SELECTOR = YES;
				GCC_WARN_UNINITIALIZED_AUTOS = YES_AGGRESSIVE;
				GCC_WARN_UNUSED_FUNCTION = YES;
				GCC_WARN_UNUSED_VARIABLE = YES;
				IPHONEOS_DEPLOYMENT_TARGET = 17.0;
				LOCALIZATION_PREFERS_STRING_CATALOGS = YES;
				MTL_ENABLE_DEBUG_INFO = INCLUDE_SOURCE;
				MTL_FAST_MATH = YES;
				ONLY_ACTIVE_ARCH = YES;
				SDKROOT = iphoneos;
				SWIFT_ACTIVE_COMPILATION_CONDITIONS = "DEBUG $(inherited)";
				SWIFT_OPTIMIZATION_LEVEL = "-Onone";
			};
			name = Debug;
		};
		AF2923A22AC960F700E98F74 /* Release */ = {
			isa = XCBuildConfiguration;
			buildSettings = {
				ALWAYS_SEARCH_USER_PATHS = NO;
				ASSETCATALOG_COMPILER_GENERATE_SWIFT_ASSET_SYMBOL_EXTENSIONS = YES;
				CLANG_ANALYZER_NONNULL = YES;
				CLANG_ANALYZER_NUMBER_OBJECT_CONVERSION = YES_AGGRESSIVE;
				CLANG_CXX_LANGUAGE_STANDARD = "gnu++20";
				CLANG_ENABLE_MODULES = YES;
				CLANG_ENABLE_OBJC_ARC = YES;
				CLANG_ENABLE_OBJC_WEAK = YES;
				CLANG_WARN_BLOCK_CAPTURE_AUTORELEASING = YES;
				CLANG_WARN_BOOL_CONVERSION = YES;
				CLANG_WARN_COMMA = YES;
				CLANG_WARN_CONSTANT_CONVERSION = YES;
				CLANG_WARN_DEPRECATED_OBJC_IMPLEMENTATIONS = YES;
				CLANG_WARN_DIRECT_OBJC_ISA_USAGE = YES_ERROR;
				CLANG_WARN_DOCUMENTATION_COMMENTS = YES;
				CLANG_WARN_EMPTY_BODY = YES;
				CLANG_WARN_ENUM_CONVERSION = YES;
				CLANG_WARN_INFINITE_RECURSION = YES;
				CLANG_WARN_INT_CONVERSION = YES;
				CLANG_WARN_NON_LITERAL_NULL_CONVERSION = YES;
				CLANG_WARN_OBJC_IMPLICIT_RETAIN_SELF = YES;
				CLANG_WARN_OBJC_LITERAL_CONVERSION = YES;
				CLANG_WARN_OBJC_ROOT_CLASS = YES_ERROR;
				CLANG_WARN_QUOTED_INCLUDE_IN_FRAMEWORK_HEADER = YES;
				CLANG_WARN_RANGE_LOOP_ANALYSIS = YES;
				CLANG_WARN_STRICT_PROTOTYPES = YES;
				CLANG_WARN_SUSPICIOUS_MOVE = YES;
				CLANG_WARN_UNGUARDED_AVAILABILITY = YES_AGGRESSIVE;
				CLANG_WARN_UNREACHABLE_CODE = YES;
				CLANG_WARN__DUPLICATE_METHOD_MATCH = YES;
				COPY_PHASE_STRIP = NO;
				DEBUG_INFORMATION_FORMAT = "dwarf-with-dsym";
				ENABLE_NS_ASSERTIONS = NO;
				ENABLE_STRICT_OBJC_MSGSEND = YES;
				ENABLE_USER_SCRIPT_SANDBOXING = YES;
				GCC_C_LANGUAGE_STANDARD = gnu17;
				GCC_NO_COMMON_BLOCKS = YES;
				GCC_WARN_64_TO_32_BIT_CONVERSION = YES;
				GCC_WARN_ABOUT_RETURN_TYPE = YES_ERROR;
				GCC_WARN_UNDECLARED_SELECTOR = YES;
				GCC_WARN_UNINITIALIZED_AUTOS = YES_AGGRESSIVE;
				GCC_WARN_UNUSED_FUNCTION = YES;
				GCC_WARN_UNUSED_VARIABLE = YES;
				IPHONEOS_DEPLOYMENT_TARGET = 17.0;
				LOCALIZATION_PREFERS_STRING_CATALOGS = YES;
				MTL_ENABLE_DEBUG_INFO = NO;
				MTL_FAST_MATH = YES;
				SDKROOT = iphoneos;
				SWIFT_COMPILATION_MODE = wholemodule;
				VALIDATE_PRODUCT = YES;
			};
			name = Release;
		};
		AF2923A42AC960F700E98F74 /* Debug */ = {
			isa = XCBuildConfiguration;
			buildSettings = {
				ASSETCATALOG_COMPILER_APPICON_NAME = AppIcon;
				ASSETCATALOG_COMPILER_GLOBAL_ACCENT_COLOR_NAME = AccentColor;
				CODE_SIGN_STYLE = Automatic;
				CURRENT_PROJECT_VERSION = 1;
				DEVELOPMENT_ASSET_PATHS = "\"PreviewHelp/Preview Content\"";
				DEVELOPMENT_TEAM = A6F7ZAN3R9;
				ENABLE_PREVIEWS = YES;
				GENERATE_INFOPLIST_FILE = YES;
				INFOPLIST_KEY_UIApplicationSceneManifest_Generation = YES;
				INFOPLIST_KEY_UIApplicationSupportsIndirectInputEvents = YES;
				INFOPLIST_KEY_UILaunchScreen_Generation = YES;
				INFOPLIST_KEY_UISupportedInterfaceOrientations_iPad = "UIInterfaceOrientationPortrait UIInterfaceOrientationPortraitUpsideDown UIInterfaceOrientationLandscapeLeft UIInterfaceOrientationLandscapeRight";
				INFOPLIST_KEY_UISupportedInterfaceOrientations_iPhone = "UIInterfaceOrientationPortrait UIInterfaceOrientationLandscapeLeft UIInterfaceOrientationLandscapeRight";
				LD_RUNPATH_SEARCH_PATHS = (
					"$(inherited)",
					"@executable_path/Frameworks",
				);
				MARKETING_VERSION = 1.0;
				PRODUCT_BUNDLE_IDENTIFIER = nz.co.carrington.ios.matihiko.kina.PreviewHelp;
				PRODUCT_NAME = "$(TARGET_NAME)";
				SWIFT_EMIT_LOC_STRINGS = YES;
				SWIFT_VERSION = 5.0;
				TARGETED_DEVICE_FAMILY = "1,2";
			};
			name = Debug;
		};
		AF2923A52AC960F700E98F74 /* Release */ = {
			isa = XCBuildConfiguration;
			buildSettings = {
				ASSETCATALOG_COMPILER_APPICON_NAME = AppIcon;
				ASSETCATALOG_COMPILER_GLOBAL_ACCENT_COLOR_NAME = AccentColor;
				CODE_SIGN_STYLE = Automatic;
				CURRENT_PROJECT_VERSION = 1;
				DEVELOPMENT_ASSET_PATHS = "\"PreviewHelp/Preview Content\"";
				DEVELOPMENT_TEAM = A6F7ZAN3R9;
				ENABLE_PREVIEWS = YES;
				GENERATE_INFOPLIST_FILE = YES;
				INFOPLIST_KEY_UIApplicationSceneManifest_Generation = YES;
				INFOPLIST_KEY_UIApplicationSupportsIndirectInputEvents = YES;
				INFOPLIST_KEY_UILaunchScreen_Generation = YES;
				INFOPLIST_KEY_UISupportedInterfaceOrientations_iPad = "UIInterfaceOrientationPortrait UIInterfaceOrientationPortraitUpsideDown UIInterfaceOrientationLandscapeLeft UIInterfaceOrientationLandscapeRight";
				INFOPLIST_KEY_UISupportedInterfaceOrientations_iPhone = "UIInterfaceOrientationPortrait UIInterfaceOrientationLandscapeLeft UIInterfaceOrientationLandscapeRight";
				LD_RUNPATH_SEARCH_PATHS = (
					"$(inherited)",
					"@executable_path/Frameworks",
				);
				MARKETING_VERSION = 1.0;
				PRODUCT_BUNDLE_IDENTIFIER = nz.co.carrington.ios.matihiko.kina.PreviewHelp;
				PRODUCT_NAME = "$(TARGET_NAME)";
				SWIFT_EMIT_LOC_STRINGS = YES;
				SWIFT_VERSION = 5.0;
				TARGETED_DEVICE_FAMILY = "1,2";
			};
			name = Release;
		};
		AF2923A72AC960F700E98F74 /* Debug */ = {
			isa = XCBuildConfiguration;
			buildSettings = {
				ALWAYS_EMBED_SWIFT_STANDARD_LIBRARIES = YES;
				BUNDLE_LOADER = "$(TEST_HOST)";
				CODE_SIGN_STYLE = Automatic;
				CURRENT_PROJECT_VERSION = 1;
				DEVELOPMENT_TEAM = A6F7ZAN3R9;
				GENERATE_INFOPLIST_FILE = YES;
				IPHONEOS_DEPLOYMENT_TARGET = 17.0;
				MARKETING_VERSION = 1.0;
				PRODUCT_BUNDLE_IDENTIFIER = nz.co.carrington.ios.matihiko.kina.PreviewHelpTests;
				PRODUCT_NAME = "$(TARGET_NAME)";
				SWIFT_EMIT_LOC_STRINGS = NO;
				SWIFT_VERSION = 5.0;
				TARGETED_DEVICE_FAMILY = "1,2";
				TEST_HOST = "$(BUILT_PRODUCTS_DIR)/PreviewHelp.app/$(BUNDLE_EXECUTABLE_FOLDER_PATH)/PreviewHelp";
			};
			name = Debug;
		};
		AF2923A82AC960F700E98F74 /* Release */ = {
			isa = XCBuildConfiguration;
			buildSettings = {
				ALWAYS_EMBED_SWIFT_STANDARD_LIBRARIES = YES;
				BUNDLE_LOADER = "$(TEST_HOST)";
				CODE_SIGN_STYLE = Automatic;
				CURRENT_PROJECT_VERSION = 1;
				DEVELOPMENT_TEAM = A6F7ZAN3R9;
				GENERATE_INFOPLIST_FILE = YES;
				IPHONEOS_DEPLOYMENT_TARGET = 17.0;
				MARKETING_VERSION = 1.0;
				PRODUCT_BUNDLE_IDENTIFIER = nz.co.carrington.ios.matihiko.kina.PreviewHelpTests;
				PRODUCT_NAME = "$(TARGET_NAME)";
				SWIFT_EMIT_LOC_STRINGS = NO;
				SWIFT_VERSION = 5.0;
				TARGETED_DEVICE_FAMILY = "1,2";
				TEST_HOST = "$(BUILT_PRODUCTS_DIR)/PreviewHelp.app/$(BUNDLE_EXECUTABLE_FOLDER_PATH)/PreviewHelp";
			};
			name = Release;
		};
		AF2923AA2AC960F700E98F74 /* Debug */ = {
			isa = XCBuildConfiguration;
			buildSettings = {
				ALWAYS_EMBED_SWIFT_STANDARD_LIBRARIES = YES;
				CODE_SIGN_STYLE = Automatic;
				CURRENT_PROJECT_VERSION = 1;
				DEVELOPMENT_TEAM = A6F7ZAN3R9;
				GENERATE_INFOPLIST_FILE = YES;
				MARKETING_VERSION = 1.0;
				PRODUCT_BUNDLE_IDENTIFIER = nz.co.carrington.ios.matihiko.kina.PreviewHelpUITests;
				PRODUCT_NAME = "$(TARGET_NAME)";
				SWIFT_EMIT_LOC_STRINGS = NO;
				SWIFT_VERSION = 5.0;
				TARGETED_DEVICE_FAMILY = "1,2";
				TEST_TARGET_NAME = PreviewHelp;
			};
			name = Debug;
		};
		AF2923AB2AC960F700E98F74 /* Release */ = {
			isa = XCBuildConfiguration;
			buildSettings = {
				ALWAYS_EMBED_SWIFT_STANDARD_LIBRARIES = YES;
				CODE_SIGN_STYLE = Automatic;
				CURRENT_PROJECT_VERSION = 1;
				DEVELOPMENT_TEAM = A6F7ZAN3R9;
				GENERATE_INFOPLIST_FILE = YES;
				MARKETING_VERSION = 1.0;
				PRODUCT_BUNDLE_IDENTIFIER = nz.co.carrington.ios.matihiko.kina.PreviewHelpUITests;
				PRODUCT_NAME = "$(TARGET_NAME)";
				SWIFT_EMIT_LOC_STRINGS = NO;
				SWIFT_VERSION = 5.0;
				TARGETED_DEVICE_FAMILY = "1,2";
				TEST_TARGET_NAME = PreviewHelp;
			};
			name = Release;
		};
/* End XCBuildConfiguration section */

/* Begin XCConfigurationList section */
		AF29237A2AC960F500E98F74 /* Build configuration list for PBXProject "PreviewHelp" */ = {
			isa = XCConfigurationList;
			buildConfigurations = (
				AF2923A12AC960F700E98F74 /* Debug */,
				AF2923A22AC960F700E98F74 /* Release */,
			);
			defaultConfigurationIsVisible = 0;
			defaultConfigurationName = Release;
		};
		AF2923A32AC960F700E98F74 /* Build configuration list for PBXNativeTarget "PreviewHelp" */ = {
			isa = XCConfigurationList;
			buildConfigurations = (
				AF2923A42AC960F700E98F74 /* Debug */,
				AF2923A52AC960F700E98F74 /* Release */,
			);
			defaultConfigurationIsVisible = 0;
			defaultConfigurationName = Release;
		};
		AF2923A62AC960F700E98F74 /* Build configuration list for PBXNativeTarget "PreviewHelpTests" */ = {
			isa = XCConfigurationList;
			buildConfigurations = (
				AF2923A72AC960F700E98F74 /* Debug */,
				AF2923A82AC960F700E98F74 /* Release */,
			);
			defaultConfigurationIsVisible = 0;
			defaultConfigurationName = Release;
		};
		AF2923A92AC960F700E98F74 /* Build configuration list for PBXNativeTarget "PreviewHelpUITests" */ = {
			isa = XCConfigurationList;
			buildConfigurations = (
				AF2923AA2AC960F700E98F74 /* Debug */,
				AF2923AB2AC960F700E98F74 /* Release */,
			);
			defaultConfigurationIsVisible = 0;
			defaultConfigurationName = Release;
		};
/* End XCConfigurationList section */
	};
	rootObject = AF2923772AC960F500E98F74 /* Project object */;
}
